
Microsoft Visual Studio Solution File, Format Version 12.00
# Visual Studio 15
VisualStudioVersion = 15.0.36217.24
MinimumVisualStudioVersion = 10.0.40219.1
Project("{FAE04EC0-301F-11D3-BF4B-00C04F79EFBC}") = "PointsCloud", "PointsCloud\PointsCloud.csproj", "{0A16F5F9-AB5C-4FC5-B456-B5FC7526F836}"
EndProject
Global
	GlobalSection(SolutionConfigurationPlatforms) = preSolution
		Debug|Any CPU = Debug|Any CPU
		Release|Any CPU = Release|Any CPU
	EndGlobalSection
	GlobalSection(ProjectConfigurationPlatforms) = postSolution
		{0A16F5F9-AB5C-4FC5-B456-B5FC7526F836}.Debug|Any CPU.ActiveCfg = Debug|Any CPU
		{0A16F5F9-AB5C-4FC5-B456-B5FC7526F836}.Debug|Any CPU.Build.0 = Debug|Any CPU
		{0A16F5F9-AB5C-4FC5-B456-B5FC7526F836}.Release|Any CPU.ActiveCfg = Release|Any CPU
		{0A16F5F9-AB5C-4FC5-B456-B5FC7526F836}.Release|Any CPU.Build.0 = Release|Any CPU
	EndGlobalSection
	GlobalSection(SolutionProperties) = preSolution
		HideSolutionNode = FALSE
	EndGlobalSection
	GlobalSection(ExtensibilityGlobals) = postSolution
		SolutionGuid = {29A373A2-31FC-4F12-A572-9B4E73174D19}
	EndGlobalSection
EndGlobal
